
Microsoft Visual Studio Solution File, Format Version 12.00
# Visual Studio Express 2012 for Windows Desktop
Project("{FAE04EC0-301F-11D3-BF4B-00C04F79EFBC}") = "LanguageStatisticsApp", "LanguageStatisticsApp.csproj", "{CDCDF53C-1827-49DB-9D7C-4CE938C130AF}"
EndProject
Project("{FAE04EC0-301F-11D3-BF4B-00C04F79EFBC}") = "LangStat.Core.Contracts", "LangStat.Contracts\LangStat.Core.Contracts.csproj", "{2B02942B-8598-442D-87AC-5B87AA2547E8}"
EndProject
Project("{FAE04EC0-301F-11D3-BF4B-00C04F79EFBC}") = "LangStat.DataAccess", "LangStat.DataAccess\LangStat.DataAccess.csproj", "{6443BB7E-936E-4DEC-905C-58105EB3F38E}"
EndProject
Project("{FAE04EC0-301F-11D3-BF4B-00C04F79EFBC}") = "LangStat.Client", "LangStat.Client\LangStat.Client.csproj", "{5C3D14BD-3D83-4DC5-A092-1E59D4FECC31}"
EndProject
Project("{FAE04EC0-301F-11D3-BF4B-00C04F79EFBC}") = "LangStat.Core", "LangStat.Core\LangStat.Core.csproj", "{FE22E717-FE76-48E2-BE04-14DDB88A0327}"
EndProject
Project("{FAE04EC0-301F-11D3-BF4B-00C04F79EFBC}") = "LangStat.DataAccess.Contracts", "LangStat.DataAccess.Contracts\LangStat.DataAccess.Contracts.csproj", "{38B9DE54-E24D-45F4-B5CF-860890F08278}"
EndProject
Global
	GlobalSection(SolutionConfigurationPlatforms) = preSolution
		Debug|Any CPU = Debug|Any CPU
		Release|Any CPU = Release|Any CPU
	EndGlobalSection
	GlobalSection(ProjectConfigurationPlatforms) = postSolution
		{CDCDF53C-1827-49DB-9D7C-4CE938C130AF}.Debug|Any CPU.ActiveCfg = Debug|Any CPU
		{CDCDF53C-1827-49DB-9D7C-4CE938C130AF}.Debug|Any CPU.Build.0 = Debug|Any CPU
		{CDCDF53C-1827-49DB-9D7C-4CE938C130AF}.Release|Any CPU.ActiveCfg = Release|Any CPU
		{CDCDF53C-1827-49DB-9D7C-4CE938C130AF}.Release|Any CPU.Build.0 = Release|Any CPU
		{2B02942B-8598-442D-87AC-5B87AA2547E8}.Debug|Any CPU.ActiveCfg = Debug|Any CPU
		{2B02942B-8598-442D-87AC-5B87AA2547E8}.Debug|Any CPU.Build.0 = Debug|Any CPU
		{2B02942B-8598-442D-87AC-5B87AA2547E8}.Release|Any CPU.ActiveCfg = Release|Any CPU
		{2B02942B-8598-442D-87AC-5B87AA2547E8}.Release|Any CPU.Build.0 = Release|Any CPU
		{6443BB7E-936E-4DEC-905C-58105EB3F38E}.Debug|Any CPU.ActiveCfg = Debug|Any CPU
		{6443BB7E-936E-4DEC-905C-58105EB3F38E}.Debug|Any CPU.Build.0 = Debug|Any CPU
		{6443BB7E-936E-4DEC-905C-58105EB3F38E}.Release|Any CPU.ActiveCfg = Release|Any CPU
		{6443BB7E-936E-4DEC-905C-58105EB3F38E}.Release|Any CPU.Build.0 = Release|Any CPU
		{5C3D14BD-3D83-4DC5-A092-1E59D4FECC31}.Debug|Any CPU.ActiveCfg = Debug|Any CPU
		{5C3D14BD-3D83-4DC5-A092-1E59D4FECC31}.Debug|Any CPU.Build.0 = Debug|Any CPU
		{5C3D14BD-3D83-4DC5-A092-1E59D4FECC31}.Release|Any CPU.ActiveCfg = Release|Any CPU
		{5C3D14BD-3D83-4DC5-A092-1E59D4FECC31}.Release|Any CPU.Build.0 = Release|Any CPU
		{FE22E717-FE76-48E2-BE04-14DDB88A0327}.Debug|Any CPU.ActiveCfg = Debug|Any CPU
		{FE22E717-FE76-48E2-BE04-14DDB88A0327}.Debug|Any CPU.Build.0 = Debug|Any CPU
		{FE22E717-FE76-48E2-BE04-14DDB88A0327}.Release|Any CPU.ActiveCfg = Release|Any CPU
		{FE22E717-FE76-48E2-BE04-14DDB88A0327}.Release|Any CPU.Build.0 = Release|Any CPU
		{38B9DE54-E24D-45F4-B5CF-860890F08278}.Debug|Any CPU.ActiveCfg = Debug|Any CPU
		{38B9DE54-E24D-45F4-B5CF-860890F08278}.Debug|Any CPU.Build.0 = Debug|Any CPU
		{38B9DE54-E24D-45F4-B5CF-860890F08278}.Release|Any CPU.ActiveCfg = Release|Any CPU
		{38B9DE54-E24D-45F4-B5CF-860890F08278}.Release|Any CPU.Build.0 = Release|Any CPU
	EndGlobalSection
	GlobalSection(SolutionProperties) = preSolution
		HideSolutionNode = FALSE
	EndGlobalSection
EndGlobal
